
Microsoft Visual Studio Solution File, Format Version 12.00
# Visual Studio 15
VisualStudioVersion = 15.0.27703.2035
MinimumVisualStudioVersion = 10.0.40219.1
Project("{FAE04EC0-301F-11D3-BF4B-00C04F79EFBC}") = "Helloworld.Android", "Helloworld\Helloworld.Android\Helloworld.Android.csproj", "{EC5A1A25-767D-4ADA-9479-B751780655C1}"
EndProject
Project("{FAE04EC0-301F-11D3-BF4B-00C04F79EFBC}") = "Helloworld.iOS", "Helloworld\Helloworld.iOS\Helloworld.iOS.csproj", "{C313C1C5-8F73-4799-B115-8BFDE3502D70}"
EndProject
Project("{FAE04EC0-301F-11D3-BF4B-00C04F79EFBC}") = "Helloworld.UWP", "Helloworld\Helloworld.UWP\Helloworld.UWP.csproj", "{027149E6-4255-42D0-99B8-3CBAE32A8FCC}"
EndProject
Project("{FAE04EC0-301F-11D3-BF4B-00C04F79EFBC}") = "Helloworld", "Helloworld\Helloworld\Helloworld.csproj", "{E36FDFAF-0D46-4288-B2DB-1681A0F5BD82}"
EndProject
Global
	GlobalSection(SolutionConfigurationPlatforms) = preSolution
		Ad-Hoc|Any CPU = Ad-Hoc|Any CPU
		Ad-Hoc|ARM = Ad-Hoc|ARM
		Ad-Hoc|iPhone = Ad-Hoc|iPhone
		Ad-Hoc|iPhoneSimulator = Ad-Hoc|iPhoneSimulator
		Ad-Hoc|x64 = Ad-Hoc|x64
		Ad-Hoc|x86 = Ad-Hoc|x86
		AppStore|Any CPU = AppStore|Any CPU
		AppStore|ARM = AppStore|ARM
		AppStore|iPhone = AppStore|iPhone
		AppStore|iPhoneSimulator = AppStore|iPhoneSimulator
		AppStore|x64 = AppStore|x64
		AppStore|x86 = AppStore|x86
		Debug|Any CPU = Debug|Any CPU
		Debug|ARM = Debug|ARM
		Debug|iPhone = Debug|iPhone
		Debug|iPhoneSimulator = Debug|iPhoneSimulator
		Debug|x64 = Debug|x64
		Debug|x86 = Debug|x86
		Release|Any CPU = Release|Any CPU
		Release|ARM = Release|ARM
		Release|iPhone = Release|iPhone
		Release|iPhoneSimulator = Release|iPhoneSimulator
		Release|x64 = Release|x64
		Release|x86 = Release|x86
	EndGlobalSection
	GlobalSection(ProjectConfigurationPlatforms) = postSolution
		{EC5A1A25-767D-4ADA-9479-B751780655C1}.Ad-Hoc|Any CPU.ActiveCfg = Release|Any CPU
		{EC5A1A25-767D-4ADA-9479-B751780655C1}.Ad-Hoc|Any CPU.Build.0 = Release|Any CPU
		{EC5A1A25-767D-4ADA-9479-B751780655C1}.Ad-Hoc|Any CPU.Deploy.0 = Release|Any CPU
		{EC5A1A25-767D-4ADA-9479-B751780655C1}.Ad-Hoc|ARM.ActiveCfg = Release|Any CPU
		{EC5A1A25-767D-4ADA-9479-B751780655C1}.Ad-Hoc|ARM.Build.0 = Release|Any CPU
		{EC5A1A25-767D-4ADA-9479-B751780655C1}.Ad-Hoc|ARM.Deploy.0 = Release|Any CPU
		{EC5A1A25-767D-4ADA-9479-B751780655C1}.Ad-Hoc|iPhone.ActiveCfg = Release|Any CPU
		{EC5A1A25-767D-4ADA-9479-B751780655C1}.Ad-Hoc|iPhone.Build.0 = Release|Any CPU
		{EC5A1A25-767D-4ADA-9479-B751780655C1}.Ad-Hoc|iPhone.Deploy.0 = Release|Any CPU
		{EC5A1A25-767D-4ADA-9479-B751780655C1}.Ad-Hoc|iPhoneSimulator.ActiveCfg = Release|Any CPU
		{EC5A1A25-767D-4ADA-9479-B751780655C1}.Ad-Hoc|iPhoneSimulator.Build.0 = Release|Any CPU
		{EC5A1A25-767D-4ADA-9479-B751780655C1}.Ad-Hoc|iPhoneSimulator.Deploy.0 = Release|Any CPU
		{EC5A1A25-767D-4ADA-9479-B751780655C1}.Ad-Hoc|x64.ActiveCfg = Release|Any CPU
		{EC5A1A25-767D-4ADA-9479-B751780655C1}.Ad-Hoc|x64.Build.0 = Release|Any CPU
		{EC5A1A25-767D-4ADA-9479-B751780655C1}.Ad-Hoc|x64.Deploy.0 = Release|Any CPU
		{EC5A1A25-767D-4ADA-9479-B751780655C1}.Ad-Hoc|x86.ActiveCfg = Release|Any CPU
		{EC5A1A25-767D-4ADA-9479-B751780655C1}.Ad-Hoc|x86.Build.0 = Release|Any CPU
		{EC5A1A25-767D-4ADA-9479-B751780655C1}.Ad-Hoc|x86.Deploy.0 = Release|Any CPU
		{EC5A1A25-767D-4ADA-9479-B751780655C1}.AppStore|Any CPU.ActiveCfg = Release|Any CPU
		{EC5A1A25-767D-4ADA-9479-B751780655C1}.AppStore|Any CPU.Build.0 = Release|Any CPU
		{EC5A1A25-767D-4ADA-9479-B751780655C1}.AppStore|Any CPU.Deploy.0 = Release|Any CPU
		{EC5A1A25-767D-4ADA-9479-B751780655C1}.AppStore|ARM.ActiveCfg = Release|Any CPU
		{EC5A1A25-767D-4ADA-9479-B751780655C1}.AppStore|ARM.Build.0 = Release|Any CPU
		{EC5A1A25-767D-4ADA-9479-B751780655C1}.AppStore|ARM.Deploy.0 = Release|Any CPU
		{EC5A1A25-767D-4ADA-9479-B751780655C1}.AppStore|iPhone.ActiveCfg = Release|Any CPU
		{EC5A1A25-767D-4ADA-9479-B751780655C1}.AppStore|iPhone.Build.0 = Release|Any CPU
		{EC5A1A25-767D-4ADA-9479-B751780655C1}.AppStore|iPhone.Deploy.0 = Release|Any CPU
		{EC5A1A25-767D-4ADA-9479-B751780655C1}.AppStore|iPhoneSimulator.ActiveCfg = Release|Any CPU
		{EC5A1A25-767D-4ADA-9479-B751780655C1}.AppStore|iPhoneSimulator.Build.0 = Release|Any CPU
		{EC5A1A25-767D-4ADA-9479-B751780655C1}.AppStore|iPhoneSimulator.Deploy.0 = Release|Any CPU
		{EC5A1A25-767D-4ADA-9479-B751780655C1}.AppStore|x64.ActiveCfg = Release|Any CPU
		{EC5A1A25-767D-4ADA-9479-B751780655C1}.AppStore|x64.Build.0 = Release|Any CPU
		{EC5A1A25-767D-4ADA-9479-B751780655C1}.AppStore|x64.Deploy.0 = Release|Any CPU
		{EC5A1A25-767D-4ADA-9479-B751780655C1}.AppStore|x86.ActiveCfg = Release|Any CPU
		{EC5A1A25-767D-4ADA-9479-B751780655C1}.AppStore|x86.Build.0 = Release|Any CPU
		{EC5A1A25-767D-4ADA-9479-B751780655C1}.AppStore|x86.Deploy.0 = Release|Any CPU
		{EC5A1A25-767D-4ADA-9479-B751780655C1}.Debug|Any CPU.ActiveCfg = Debug|Any CPU
		{EC5A1A25-767D-4ADA-9479-B751780655C1}.Debug|Any CPU.Build.0 = Debug|Any CPU
		{EC5A1A25-767D-4ADA-9479-B751780655C1}.Debug|Any CPU.Deploy.0 = Debug|Any CPU
		{EC5A1A25-767D-4ADA-9479-B751780655C1}.Debug|ARM.ActiveCfg = Debug|Any CPU
		{EC5A1A25-767D-4ADA-9479-B751780655C1}.Debug|ARM.Build.0 = Debug|Any CPU
		{EC5A1A25-767D-4ADA-9479-B751780655C1}.Debug|ARM.Deploy.0 = Debug|Any CPU
		{EC5A1A25-767D-4ADA-9479-B751780655C1}.Debug|iPhone.ActiveCfg = Debug|Any CPU
		{EC5A1A25-767D-4ADA-9479-B751780655C1}.Debug|iPhone.Build.0 = Debug|Any CPU
		{EC5A1A25-767D-4ADA-9479-B751780655C1}.Debug|iPhone.Deploy.0 = Debug|Any CPU
		{EC5A1A25-767D-4ADA-9479-B751780655C1}.Debug|iPhoneSimulator.ActiveCfg = Debug|Any CPU
		{EC5A1A25-767D-4ADA-9479-B751780655C1}.Debug|iPhoneSimulator.Build.0 = Debug|Any CPU
		{EC5A1A25-767D-4ADA-9479-B751780655C1}.Debug|iPhoneSimulator.Deploy.0 = Debug|Any CPU
		{EC5A1A25-767D-4ADA-9479-B751780655C1}.Debug|x64.ActiveCfg = Debug|Any CPU
		{EC5A1A25-767D-4ADA-9479-B751780655C1}.Debug|x64.Build.0 = Debug|Any CPU
		{EC5A1A25-767D-4ADA-9479-B751780655C1}.Debug|x64.Deploy.0 = Debug|Any CPU
		{EC5A1A25-767D-4ADA-9479-B751780655C1}.Debug|x86.ActiveCfg = Debug|Any CPU
		{EC5A1A25-767D-4ADA-9479-B751780655C1}.Debug|x86.Build.0 = Debug|Any CPU
		{EC5A1A25-767D-4ADA-9479-B751780655C1}.Debug|x86.Deploy.0 = Debug|Any CPU
		{EC5A1A25-767D-4ADA-9479-B751780655C1}.Release|Any CPU.ActiveCfg = Release|Any CPU
		{EC5A1A25-767D-4ADA-9479-B751780655C1}.Release|Any CPU.Build.0 = Release|Any CPU
		{EC5A1A25-767D-4ADA-9479-B751780655C1}.Release|Any CPU.Deploy.0 = Release|Any CPU
		{EC5A1A25-767D-4ADA-9479-B751780655C1}.Release|ARM.ActiveCfg = Release|Any CPU
		{EC5A1A25-767D-4ADA-9479-B751780655C1}.Release|ARM.Build.0 = Release|Any CPU
		{EC5A1A25-767D-4ADA-9479-B751780655C1}.Release|ARM.Deploy.0 = Release|Any CPU
		{EC5A1A25-767D-4ADA-9479-B751780655C1}.Release|iPhone.ActiveCfg = Release|Any CPU
		{EC5A1A25-767D-4ADA-9479-B751780655C1}.Release|iPhone.Build.0 = Release|Any CPU
		{EC5A1A25-767D-4ADA-9479-B751780655C1}.Release|iPhone.Deploy.0 = Release|Any CPU
		{EC5A1A25-767D-4ADA-9479-B751780655C1}.Release|iPhoneSimulator.ActiveCfg = Release|Any CPU
		{EC5A1A25-767D-4ADA-9479-B751780655C1}.Release|iPhoneSimulator.Build.0 = Release|Any CPU
		{EC5A1A25-767D-4ADA-9479-B751780655C1}.Release|iPhoneSimulator.Deploy.0 = Release|Any CPU
		{EC5A1A25-767D-4ADA-9479-B751780655C1}.Release|x64.ActiveCfg = Release|Any CPU
		{EC5A1A25-767D-4ADA-9479-B751780655C1}.Release|x64.Build.0 = Release|Any CPU
		{EC5A1A25-767D-4ADA-9479-B751780655C1}.Release|x64.Deploy.0 = Release|Any CPU
		{EC5A1A25-767D-4ADA-9479-B751780655C1}.Release|x86.ActiveCfg = Release|Any CPU
		{EC5A1A25-767D-4ADA-9479-B751780655C1}.Release|x86.Build.0 = Release|Any CPU
		{EC5A1A25-767D-4ADA-9479-B751780655C1}.Release|x86.Deploy.0 = Release|Any CPU
		{C313C1C5-8F73-4799-B115-8BFDE3502D70}.Ad-Hoc|Any CPU.ActiveCfg = Ad-Hoc|iPhone
		{C313C1C5-8F73-4799-B115-8BFDE3502D70}.Ad-Hoc|Any CPU.Build.0 = Ad-Hoc|iPhone
		{C313C1C5-8F73-4799-B115-8BFDE3502D70}.Ad-Hoc|Any CPU.Deploy.0 = Ad-Hoc|iPhone
		{C313C1C5-8F73-4799-B115-8BFDE3502D70}.Ad-Hoc|ARM.ActiveCfg = Ad-Hoc|iPhone
		{C313C1C5-8F73-4799-B115-8BFDE3502D70}.Ad-Hoc|ARM.Build.0 = Ad-Hoc|iPhone
		{C313C1C5-8F73-4799-B115-8BFDE3502D70}.Ad-Hoc|ARM.Deploy.0 = Ad-Hoc|iPhone
		{C313C1C5-8F73-4799-B115-8BFDE3502D70}.Ad-Hoc|iPhone.ActiveCfg = Ad-Hoc|iPhone
		{C313C1C5-8F73-4799-B115-8BFDE3502D70}.Ad-Hoc|iPhone.Build.0 = Ad-Hoc|iPhone
		{C313C1C5-8F73-4799-B115-8BFDE3502D70}.Ad-Hoc|iPhone.Deploy.0 = Ad-Hoc|iPhone
		{C313C1C5-8F73-4799-B115-8BFDE3502D70}.Ad-Hoc|iPhoneSimulator.ActiveCfg = Ad-Hoc|iPhoneSimulator
		{C313C1C5-8F73-4799-B115-8BFDE3502D70}.Ad-Hoc|iPhoneSimulator.Build.0 = Ad-Hoc|iPhoneSimulator
		{C313C1C5-8F73-4799-B115-8BFDE3502D70}.Ad-Hoc|iPhoneSimulator.Deploy.0 = Ad-Hoc|iPhoneSimulator
		{C313C1C5-8F73-4799-B115-8BFDE3502D70}.Ad-Hoc|x64.ActiveCfg = Ad-Hoc|iPhone
		{C313C1C5-8F73-4799-B115-8BFDE3502D70}.Ad-Hoc|x64.Build.0 = Ad-Hoc|iPhone
		{C313C1C5-8F73-4799-B115-8BFDE3502D70}.Ad-Hoc|x64.Deploy.0 = Ad-Hoc|iPhone
		{C313C1C5-8F73-4799-B115-8BFDE3502D70}.Ad-Hoc|x86.ActiveCfg = Ad-Hoc|iPhone
		{C313C1C5-8F73-4799-B115-8BFDE3502D70}.Ad-Hoc|x86.Build.0 = Ad-Hoc|iPhone
		{C313C1C5-8F73-4799-B115-8BFDE3502D70}.Ad-Hoc|x86.Deploy.0 = Ad-Hoc|iPhone
		{C313C1C5-8F73-4799-B115-8BFDE3502D70}.AppStore|Any CPU.ActiveCfg = AppStore|iPhone
		{C313C1C5-8F73-4799-B115-8BFDE3502D70}.AppStore|Any CPU.Build.0 = AppStore|iPhone
		{C313C1C5-8F73-4799-B115-8BFDE3502D70}.AppStore|Any CPU.Deploy.0 = AppStore|iPhone
		{C313C1C5-8F73-4799-B115-8BFDE3502D70}.AppStore|ARM.ActiveCfg = AppStore|iPhone
		{C313C1C5-8F73-4799-B115-8BFDE3502D70}.AppStore|ARM.Build.0 = AppStore|iPhone
		{C313C1C5-8F73-4799-B115-8BFDE3502D70}.AppStore|ARM.Deploy.0 = AppStore|iPhone
		{C313C1C5-8F73-4799-B115-8BFDE3502D70}.AppStore|iPhone.ActiveCfg = AppStore|iPhone
		{C313C1C5-8F73-4799-B115-8BFDE3502D70}.AppStore|iPhone.Build.0 = AppStore|iPhone
		{C313C1C5-8F73-4799-B115-8BFDE3502D70}.AppStore|iPhone.Deploy.0 = AppStore|iPhone
		{C313C1C5-8F73-4799-B115-8BFDE3502D70}.AppStore|iPhoneSimulator.ActiveCfg = AppStore|iPhoneSimulator
		{C313C1C5-8F73-4799-B115-8BFDE3502D70}.AppStore|iPhoneSimulator.Build.0 = AppStore|iPhoneSimulator
		{C313C1C5-8F73-4799-B115-8BFDE3502D70}.AppStore|iPhoneSimulator.Deploy.0 = AppStore|iPhoneSimulator
		{C313C1C5-8F73-4799-B115-8BFDE3502D70}.AppStore|x64.ActiveCfg = AppStore|iPhone
		{C313C1C5-8F73-4799-B115-8BFDE3502D70}.AppStore|x64.Build.0 = AppStore|iPhone
		{C313C1C5-8F73-4799-B115-8BFDE3502D70}.AppStore|x64.Deploy.0 = AppStore|iPhone
		{C313C1C5-8F73-4799-B115-8BFDE3502D70}.AppStore|x86.ActiveCfg = AppStore|iPhone
		{C313C1C5-8F73-4799-B115-8BFDE3502D70}.AppStore|x86.Build.0 = AppStore|iPhone
		{C313C1C5-8F73-4799-B115-8BFDE3502D70}.AppStore|x86.Deploy.0 = AppStore|iPhone
		{C313C1C5-8F73-4799-B115-8BFDE3502D70}.Debug|Any CPU.ActiveCfg = Debug|iPhoneSimulator
		{C313C1C5-8F73-4799-B115-8BFDE3502D70}.Debug|Any CPU.Build.0 = Debug|iPhoneSimulator
		{C313C1C5-8F73-4799-B115-8BFDE3502D70}.Debug|Any CPU.Deploy.0 = Debug|iPhoneSimulator
		{C313C1C5-8F73-4799-B115-8BFDE3502D70}.Debug|ARM.ActiveCfg = Debug|iPhone
		{C313C1C5-8F73-4799-B115-8BFDE3502D70}.Debug|ARM.Build.0 = Debug|iPhone
		{C313C1C5-8F73-4799-B115-8BFDE3502D70}.Debug|ARM.Deploy.0 = Debug|iPhone
		{C313C1C5-8F73-4799-B115-8BFDE3502D70}.Debug|iPhone.ActiveCfg = Debug|iPhone
		{C313C1C5-8F73-4799-B115-8BFDE3502D70}.Debug|iPhone.Build.0 = Debug|iPhone
		{C313C1C5-8F73-4799-B115-8BFDE3502D70}.Debug|iPhone.Deploy.0 = Debug|iPhone
		{C313C1C5-8F73-4799-B115-8BFDE3502D70}.Debug|iPhoneSimulator.ActiveCfg = Debug|iPhoneSimulator
		{C313C1C5-8F73-4799-B115-8BFDE3502D70}.Debug|iPhoneSimulator.Build.0 = Debug|iPhoneSimulator
		{C313C1C5-8F73-4799-B115-8BFDE3502D70}.Debug|iPhoneSimulator.Deploy.0 = Debug|iPhoneSimulator
		{C313C1C5-8F73-4799-B115-8BFDE3502D70}.Debug|x64.ActiveCfg = Debug|iPhone
		{C313C1C5-8F73-4799-B115-8BFDE3502D70}.Debug|x64.Build.0 = Debug|iPhone
		{C313C1C5-8F73-4799-B115-8BFDE3502D70}.Debug|x64.Deploy.0 = Debug|iPhone
		{C313C1C5-8F73-4799-B115-8BFDE3502D70}.Debug|x86.ActiveCfg = Debug|iPhone
		{C313C1C5-8F73-4799-B115-8BFDE3502D70}.Debug|x86.Build.0 = Debug|iPhone
		{C313C1C5-8F73-4799-B115-8BFDE3502D70}.Debug|x86.Deploy.0 = Debug|iPhone
		{C313C1C5-8F73-4799-B115-8BFDE3502D70}.Release|Any CPU.ActiveCfg = Release|iPhone
		{C313C1C5-8F73-4799-B115-8BFDE3502D70}.Release|Any CPU.Build.0 = Release|iPhone
		{C313C1C5-8F73-4799-B115-8BFDE3502D70}.Release|Any CPU.Deploy.0 = Release|iPhone
		{C313C1C5-8F73-4799-B115-8BFDE3502D70}.Release|ARM.ActiveCfg = Release|iPhone
		{C313C1C5-8F73-4799-B115-8BFDE3502D70}.Release|ARM.Build.0 = Release|iPhone
		{C313C1C5-8F73-4799-B115-8BFDE3502D70}.Release|ARM.Deploy.0 = Release|iPhone
		{C313C1C5-8F73-4799-B115-8BFDE3502D70}.Release|iPhone.ActiveCfg = Release|iPhone
		{C313C1C5-8F73-4799-B115-8BFDE3502D70}.Release|iPhone.Build.0 = Release|iPhone
		{C313C1C5-8F73-4799-B115-8BFDE3502D70}.Release|iPhone.Deploy.0 = Release|iPhone
		{C313C1C5-8F73-4799-B115-8BFDE3502D70}.Release|iPhoneSimulator.ActiveCfg = Release|iPhoneSimulator
		{C313C1C5-8F73-4799-B115-8BFDE3502D70}.Release|iPhoneSimulator.Build.0 = Release|iPhoneSimulator
		{C313C1C5-8F73-4799-B115-8BFDE3502D70}.Release|iPhoneSimulator.Deploy.0 = Release|iPhoneSimulator
		{C313C1C5-8F73-4799-B115-8BFDE3502D70}.Release|x64.ActiveCfg = Release|iPhone
		{C313C1C5-8F73-4799-B115-8BFDE3502D70}.Release|x64.Build.0 = Release|iPhone
		{C313C1C5-8F73-4799-B115-8BFDE3502D70}.Release|x64.Deploy.0 = Release|iPhone
		{C313C1C5-8F73-4799-B115-8BFDE3502D70}.Release|x86.ActiveCfg = Release|iPhone
		{C313C1C5-8F73-4799-B115-8BFDE3502D70}.Release|x86.Build.0 = Release|iPhone
		{C313C1C5-8F73-4799-B115-8BFDE3502D70}.Release|x86.Deploy.0 = Release|iPhone
		{027149E6-4255-42D0-99B8-3CBAE32A8FCC}.Ad-Hoc|Any CPU.ActiveCfg = Release|x86
		{027149E6-4255-42D0-99B8-3CBAE32A8FCC}.Ad-Hoc|Any CPU.Build.0 = Release|x86
		{027149E6-4255-42D0-99B8-3CBAE32A8FCC}.Ad-Hoc|Any CPU.Deploy.0 = Release|x86
		{027149E6-4255-42D0-99B8-3CBAE32A8FCC}.Ad-Hoc|ARM.ActiveCfg = Release|ARM
		{027149E6-4255-42D0-99B8-3CBAE32A8FCC}.Ad-Hoc|ARM.Build.0 = Release|ARM
		{027149E6-4255-42D0-99B8-3CBAE32A8FCC}.Ad-Hoc|ARM.Deploy.0 = Release|ARM
		{027149E6-4255-42D0-99B8-3CBAE32A8FCC}.Ad-Hoc|iPhone.ActiveCfg = Release|x86
		{027149E6-4255-42D0-99B8-3CBAE32A8FCC}.Ad-Hoc|iPhone.Build.0 = Release|x86
		{027149E6-4255-42D0-99B8-3CBAE32A8FCC}.Ad-Hoc|iPhone.Deploy.0 = Release|x86
		{027149E6-4255-42D0-99B8-3CBAE32A8FCC}.Ad-Hoc|iPhoneSimulator.ActiveCfg = Release|x86
		{027149E6-4255-42D0-99B8-3CBAE32A8FCC}.Ad-Hoc|iPhoneSimulator.Build.0 = Release|x86
		{027149E6-4255-42D0-99B8-3CBAE32A8FCC}.Ad-Hoc|iPhoneSimulator.Deploy.0 = Release|x86
		{027149E6-4255-42D0-99B8-3CBAE32A8FCC}.Ad-Hoc|x64.ActiveCfg = Release|x64
		{027149E6-4255-42D0-99B8-3CBAE32A8FCC}.Ad-Hoc|x64.Build.0 = Release|x64
		{027149E6-4255-42D0-99B8-3CBAE32A8FCC}.Ad-Hoc|x64.Deploy.0 = Release|x64
		{027149E6-4255-42D0-99B8-3CBAE32A8FCC}.Ad-Hoc|x86.ActiveCfg = Release|x86
		{027149E6-4255-42D0-99B8-3CBAE32A8FCC}.Ad-Hoc|x86.Build.0 = Release|x86
		{027149E6-4255-42D0-99B8-3CBAE32A8FCC}.Ad-Hoc|x86.Deploy.0 = Release|x86
		{027149E6-4255-42D0-99B8-3CBAE32A8FCC}.AppStore|Any CPU.ActiveCfg = Release|x86
		{027149E6-4255-42D0-99B8-3CBAE32A8FCC}.AppStore|Any CPU.Build.0 = Release|x86
		{027149E6-4255-42D0-99B8-3CBAE32A8FCC}.AppStore|Any CPU.Deploy.0 = Release|x86
		{027149E6-4255-42D0-99B8-3CBAE32A8FCC}.AppStore|ARM.ActiveCfg = Release|ARM
		{027149E6-4255-42D0-99B8-3CBAE32A8FCC}.AppStore|ARM.Build.0 = Release|ARM
		{027149E6-4255-42D0-99B8-3CBAE32A8FCC}.AppStore|ARM.Deploy.0 = Release|ARM
		{027149E6-4255-42D0-99B8-3CBAE32A8FCC}.AppStore|iPhone.ActiveCfg = Release|x86
		{027149E6-4255-42D0-99B8-3CBAE32A8FCC}.AppStore|iPhone.Build.0 = Release|x86
		{027149E6-4255-42D0-99B8-3CBAE32A8FCC}.AppStore|iPhone.Deploy.0 = Release|x86
		{027149E6-4255-42D0-99B8-3CBAE32A8FCC}.AppStore|iPhoneSimulator.ActiveCfg = Release|x86
		{027149E6-4255-42D0-99B8-3CBAE32A8FCC}.AppStore|iPhoneSimulator.Build.0 = Release|x86
		{027149E6-4255-42D0-99B8-3CBAE32A8FCC}.AppStore|iPhoneSimulator.Deploy.0 = Release|x86
		{027149E6-4255-42D0-99B8-3CBAE32A8FCC}.AppStore|x64.ActiveCfg = Release|x64
		{027149E6-4255-42D0-99B8-3CBAE32A8FCC}.AppStore|x64.Build.0 = Release|x64
		{027149E6-4255-42D0-99B8-3CBAE32A8FCC}.AppStore|x64.Deploy.0 = Release|x64
		{027149E6-4255-42D0-99B8-3CBAE32A8FCC}.AppStore|x86.ActiveCfg = Release|x86
		{027149E6-4255-42D0-99B8-3CBAE32A8FCC}.AppStore|x86.Build.0 = Release|x86
		{027149E6-4255-42D0-99B8-3CBAE32A8FCC}.AppStore|x86.Deploy.0 = Release|x86
		{027149E6-4255-42D0-99B8-3CBAE32A8FCC}.Debug|Any CPU.ActiveCfg = Debug|x86
		{027149E6-4255-42D0-99B8-3CBAE32A8FCC}.Debug|Any CPU.Build.0 = Debug|x86
		{027149E6-4255-42D0-99B8-3CBAE32A8FCC}.Debug|Any CPU.Deploy.0 = Debug|x86
		{027149E6-4255-42D0-99B8-3CBAE32A8FCC}.Debug|ARM.ActiveCfg = Debug|ARM
		{027149E6-4255-42D0-99B8-3CBAE32A8FCC}.Debug|ARM.Build.0 = Debug|ARM
		{027149E6-4255-42D0-99B8-3CBAE32A8FCC}.Debug|ARM.Deploy.0 = Debug|ARM
		{027149E6-4255-42D0-99B8-3CBAE32A8FCC}.Debug|iPhone.ActiveCfg = Debug|x86
		{027149E6-4255-42D0-99B8-3CBAE32A8FCC}.Debug|iPhone.Build.0 = Debug|x86
		{027149E6-4255-42D0-99B8-3CBAE32A8FCC}.Debug|iPhone.Deploy.0 = Debug|x86
		{027149E6-4255-42D0-99B8-3CBAE32A8FCC}.Debug|iPhoneSimulator.ActiveCfg = Debug|x86
		{027149E6-4255-42D0-99B8-3CBAE32A8FCC}.Debug|iPhoneSimulator.Build.0 = Debug|x86
		{027149E6-4255-42D0-99B8-3CBAE32A8FCC}.Debug|iPhoneSimulator.Deploy.0 = Debug|x86
		{027149E6-4255-42D0-99B8-3CBAE32A8FCC}.Debug|x64.ActiveCfg = Debug|x64
		{027149E6-4255-42D0-99B8-3CBAE32A8FCC}.Debug|x64.Build.0 = Debug|x64
		{027149E6-4255-42D0-99B8-3CBAE32A8FCC}.Debug|x64.Deploy.0 = Debug|x64
		{027149E6-4255-42D0-99B8-3CBAE32A8FCC}.Debug|x86.ActiveCfg = Debug|x86
		{027149E6-4255-42D0-99B8-3CBAE32A8FCC}.Debug|x86.Build.0 = Debug|x86
		{027149E6-4255-42D0-99B8-3CBAE32A8FCC}.Debug|x86.Deploy.0 = Debug|x86
		{027149E6-4255-42D0-99B8-3CBAE32A8FCC}.Release|Any CPU.ActiveCfg = Release|x86
		{027149E6-4255-42D0-99B8-3CBAE32A8FCC}.Release|Any CPU.Build.0 = Release|x86
		{027149E6-4255-42D0-99B8-3CBAE32A8FCC}.Release|Any CPU.Deploy.0 = Release|x86
		{027149E6-4255-42D0-99B8-3CBAE32A8FCC}.Release|ARM.ActiveCfg = Release|ARM
		{027149E6-4255-42D0-99B8-3CBAE32A8FCC}.Release|ARM.Build.0 = Release|ARM
		{027149E6-4255-42D0-99B8-3CBAE32A8FCC}.Release|ARM.Deploy.0 = Release|ARM
		{027149E6-4255-42D0-99B8-3CBAE32A8FCC}.Release|iPhone.ActiveCfg = Release|x86
		{027149E6-4255-42D0-99B8-3CBAE32A8FCC}.Release|iPhone.Build.0 = Release|x86
		{027149E6-4255-42D0-99B8-3CBAE32A8FCC}.Release|iPhone.Deploy.0 = Release|x86
		{027149E6-4255-42D0-99B8-3CBAE32A8FCC}.Release|iPhoneSimulator.ActiveCfg = Release|x86
		{027149E6-4255-42D0-99B8-3CBAE32A8FCC}.Release|iPhoneSimulator.Build.0 = Release|x86
		{027149E6-4255-42D0-99B8-3CBAE32A8FCC}.Release|iPhoneSimulator.Deploy.0 = Release|x86
		{027149E6-4255-42D0-99B8-3CBAE32A8FCC}.Release|x64.ActiveCfg = Release|x64
		{027149E6-4255-42D0-99B8-3CBAE32A8FCC}.Release|x64.Build.0 = Release|x64
		{027149E6-4255-42D0-99B8-3CBAE32A8FCC}.Release|x64.Deploy.0 = Release|x64
		{027149E6-4255-42D0-99B8-3CBAE32A8FCC}.Release|x86.ActiveCfg = Release|x86
		{027149E6-4255-42D0-99B8-3CBAE32A8FCC}.Release|x86.Build.0 = Release|x86
		{027149E6-4255-42D0-99B8-3CBAE32A8FCC}.Release|x86.Deploy.0 = Release|x86
		{E36FDFAF-0D46-4288-B2DB-1681A0F5BD82}.Ad-Hoc|Any CPU.ActiveCfg = Debug|Any CPU
		{E36FDFAF-0D46-4288-B2DB-1681A0F5BD82}.Ad-Hoc|Any CPU.Build.0 = Debug|Any CPU
		{E36FDFAF-0D46-4288-B2DB-1681A0F5BD82}.Ad-Hoc|Any CPU.Deploy.0 = Debug|Any CPU
		{E36FDFAF-0D46-4288-B2DB-1681A0F5BD82}.Ad-Hoc|ARM.ActiveCfg = Debug|Any CPU
		{E36FDFAF-0D46-4288-B2DB-1681A0F5BD82}.Ad-Hoc|ARM.Build.0 = Debug|Any CPU
		{E36FDFAF-0D46-4288-B2DB-1681A0F5BD82}.Ad-Hoc|ARM.Deploy.0 = Debug|Any CPU
		{E36FDFAF-0D46-4288-B2DB-1681A0F5BD82}.Ad-Hoc|iPhone.ActiveCfg = Debug|Any CPU
		{E36FDFAF-0D46-4288-B2DB-1681A0F5BD82}.Ad-Hoc|iPhone.Build.0 = Debug|Any CPU
		{E36FDFAF-0D46-4288-B2DB-1681A0F5BD82}.Ad-Hoc|iPhone.Deploy.0 = Debug|Any CPU
		{E36FDFAF-0D46-4288-B2DB-1681A0F5BD82}.Ad-Hoc|iPhoneSimulator.ActiveCfg = Debug|Any CPU
		{E36FDFAF-0D46-4288-B2DB-1681A0F5BD82}.Ad-Hoc|iPhoneSimulator.Build.0 = Debug|Any CPU
		{E36FDFAF-0D46-4288-B2DB-1681A0F5BD82}.Ad-Hoc|iPhoneSimulator.Deploy.0 = Debug|Any CPU
		{E36FDFAF-0D46-4288-B2DB-1681A0F5BD82}.Ad-Hoc|x64.ActiveCfg = Debug|Any CPU
		{E36FDFAF-0D46-4288-B2DB-1681A0F5BD82}.Ad-Hoc|x64.Build.0 = Debug|Any CPU
		{E36FDFAF-0D46-4288-B2DB-1681A0F5BD82}.Ad-Hoc|x64.Deploy.0 = Debug|Any CPU
		{E36FDFAF-0D46-4288-B2DB-1681A0F5BD82}.Ad-Hoc|x86.ActiveCfg = Debug|Any CPU
		{E36FDFAF-0D46-4288-B2DB-1681A0F5BD82}.Ad-Hoc|x86.Build.0 = Debug|Any CPU
		{E36FDFAF-0D46-4288-B2DB-1681A0F5BD82}.Ad-Hoc|x86.Deploy.0 = Debug|Any CPU
		{E36FDFAF-0D46-4288-B2DB-1681A0F5BD82}.AppStore|Any CPU.ActiveCfg = Debug|Any CPU
		{E36FDFAF-0D46-4288-B2DB-1681A0F5BD82}.AppStore|Any CPU.Build.0 = Debug|Any CPU
		{E36FDFAF-0D46-4288-B2DB-1681A0F5BD82}.AppStore|Any CPU.Deploy.0 = Debug|Any CPU
		{E36FDFAF-0D46-4288-B2DB-1681A0F5BD82}.AppStore|ARM.ActiveCfg = Debug|Any CPU
		{E36FDFAF-0D46-4288-B2DB-1681A0F5BD82}.AppStore|ARM.Build.0 = Debug|Any CPU
		{E36FDFAF-0D46-4288-B2DB-1681A0F5BD82}.AppStore|ARM.Deploy.0 = Debug|Any CPU
		{E36FDFAF-0D46-4288-B2DB-1681A0F5BD82}.AppStore|iPhone.ActiveCfg = Debug|Any CPU
		{E36FDFAF-0D46-4288-B2DB-1681A0F5BD82}.AppStore|iPhone.Build.0 = Debug|Any CPU
		{E36FDFAF-0D46-4288-B2DB-1681A0F5BD82}.AppStore|iPhone.Deploy.0 = Debug|Any CPU
		{E36FDFAF-0D46-4288-B2DB-1681A0F5BD82}.AppStore|iPhoneSimulator.ActiveCfg = Debug|Any CPU
		{E36FDFAF-0D46-4288-B2DB-1681A0F5BD82}.AppStore|iPhoneSimulator.Build.0 = Debug|Any CPU
		{E36FDFAF-0D46-4288-B2DB-1681A0F5BD82}.AppStore|iPhoneSimulator.Deploy.0 = Debug|Any CPU
		{E36FDFAF-0D46-4288-B2DB-1681A0F5BD82}.AppStore|x64.ActiveCfg = Debug|Any CPU
		{E36FDFAF-0D46-4288-B2DB-1681A0F5BD82}.AppStore|x64.Build.0 = Debug|Any CPU
		{E36FDFAF-0D46-4288-B2DB-1681A0F5BD82}.AppStore|x64.Deploy.0 = Debug|Any CPU
		{E36FDFAF-0D46-4288-B2DB-1681A0F5BD82}.AppStore|x86.ActiveCfg = Debug|Any CPU
		{E36FDFAF-0D46-4288-B2DB-1681A0F5BD82}.AppStore|x86.Build.0 = Debug|Any CPU
		{E36FDFAF-0D46-4288-B2DB-1681A0F5BD82}.AppStore|x86.Deploy.0 = Debug|Any CPU
		{E36FDFAF-0D46-4288-B2DB-1681A0F5BD82}.Debug|Any CPU.ActiveCfg = Debug|Any CPU
		{E36FDFAF-0D46-4288-B2DB-1681A0F5BD82}.Debug|Any CPU.Build.0 = Debug|Any CPU
		{E36FDFAF-0D46-4288-B2DB-1681A0F5BD82}.Debug|Any CPU.Deploy.0 = Debug|Any CPU
		{E36FDFAF-0D46-4288-B2DB-1681A0F5BD82}.Debug|ARM.ActiveCfg = Debug|Any CPU
		{E36FDFAF-0D46-4288-B2DB-1681A0F5BD82}.Debug|ARM.Build.0 = Debug|Any CPU
		{E36FDFAF-0D46-4288-B2DB-1681A0F5BD82}.Debug|ARM.Deploy.0 = Debug|Any CPU
		{E36FDFAF-0D46-4288-B2DB-1681A0F5BD82}.Debug|iPhone.ActiveCfg = Debug|Any CPU
		{E36FDFAF-0D46-4288-B2DB-1681A0F5BD82}.Debug|iPhone.Build.0 = Debug|Any CPU
		{E36FDFAF-0D46-4288-B2DB-1681A0F5BD82}.Debug|iPhone.Deploy.0 = Debug|Any CPU
		{E36FDFAF-0D46-4288-B2DB-1681A0F5BD82}.Debug|iPhoneSimulator.ActiveCfg = Debug|Any CPU
		{E36FDFAF-0D46-4288-B2DB-1681A0F5BD82}.Debug|iPhoneSimulator.Build.0 = Debug|Any CPU
		{E36FDFAF-0D46-4288-B2DB-1681A0F5BD82}.Debug|iPhoneSimulator.Deploy.0 = Debug|Any CPU
		{E36FDFAF-0D46-4288-B2DB-1681A0F5BD82}.Debug|x64.ActiveCfg = Debug|Any CPU
		{E36FDFAF-0D46-4288-B2DB-1681A0F5BD82}.Debug|x64.Build.0 = Debug|Any CPU
		{E36FDFAF-0D46-4288-B2DB-1681A0F5BD82}.Debug|x64.Deploy.0 = Debug|Any CPU
		{E36FDFAF-0D46-4288-B2DB-1681A0F5BD82}.Debug|x86.ActiveCfg = Debug|Any CPU
		{E36FDFAF-0D46-4288-B2DB-1681A0F5BD82}.Debug|x86.Build.0 = Debug|Any CPU
		{E36FDFAF-0D46-4288-B2DB-1681A0F5BD82}.Debug|x86.Deploy.0 = Debug|Any CPU
		{E36FDFAF-0D46-4288-B2DB-1681A0F5BD82}.Release|Any CPU.ActiveCfg = Release|Any CPU
		{E36FDFAF-0D46-4288-B2DB-1681A0F5BD82}.Release|Any CPU.Build.0 = Release|Any CPU
		{E36FDFAF-0D46-4288-B2DB-1681A0F5BD82}.Release|Any CPU.Deploy.0 = Release|Any CPU
		{E36FDFAF-0D46-4288-B2DB-1681A0F5BD82}.Release|ARM.ActiveCfg = Release|Any CPU
		{E36FDFAF-0D46-4288-B2DB-1681A0F5BD82}.Release|ARM.Build.0 = Release|Any CPU
		{E36FDFAF-0D46-4288-B2DB-1681A0F5BD82}.Release|ARM.Deploy.0 = Release|Any CPU
		{E36FDFAF-0D46-4288-B2DB-1681A0F5BD82}.Release|iPhone.ActiveCfg = Release|Any CPU
		{E36FDFAF-0D46-4288-B2DB-1681A0F5BD82}.Release|iPhone.Build.0 = Release|Any CPU
		{E36FDFAF-0D46-4288-B2DB-1681A0F5BD82}.Release|iPhone.Deploy.0 = Release|Any CPU
		{E36FDFAF-0D46-4288-B2DB-1681A0F5BD82}.Release|iPhoneSimulator.ActiveCfg = Release|Any CPU
		{E36FDFAF-0D46-4288-B2DB-1681A0F5BD82}.Release|iPhoneSimulator.Build.0 = Release|Any CPU
		{E36FDFAF-0D46-4288-B2DB-1681A0F5BD82}.Release|iPhoneSimulator.Deploy.0 = Release|Any CPU
		{E36FDFAF-0D46-4288-B2DB-1681A0F5BD82}.Release|x64.ActiveCfg = Release|Any CPU
		{E36FDFAF-0D46-4288-B2DB-1681A0F5BD82}.Release|x64.Build.0 = Release|Any CPU
		{E36FDFAF-0D46-4288-B2DB-1681A0F5BD82}.Release|x64.Deploy.0 = Release|Any CPU
		{E36FDFAF-0D46-4288-B2DB-1681A0F5BD82}.Release|x86.ActiveCfg = Release|Any CPU
		{E36FDFAF-0D46-4288-B2DB-1681A0F5BD82}.Release|x86.Build.0 = Release|Any CPU
		{E36FDFAF-0D46-4288-B2DB-1681A0F5BD82}.Release|x86.Deploy.0 = Release|Any CPU
	EndGlobalSection
	GlobalSection(SolutionProperties) = preSolution
		HideSolutionNode = FALSE
	EndGlobalSection
	GlobalSection(ExtensibilityGlobals) = postSolution
		SolutionGuid = {13B3ADE8-5580-4B07-A7B2-3B4F955F49B6}
	EndGlobalSection
EndGlobal
